
Microsoft Visual Studio Solution File, Format Version 12.00
# Visual Studio Version 16
VisualStudioVersion = 16.0.31410.357
MinimumVisualStudioVersion = 10.0.40219.1
Project("{9A19103F-16F7-4668-BE54-9A1E7A4F7556}") = "Products.API", "DI_NET_CORE\Products.API.csproj", "{D89D278F-374D-4568-B5E5-08590F40129E}"
EndProject
Project("{FAE04EC0-301F-11D3-BF4B-00C04F79EFBC}") = "Products.Domain", "Products.Domain\Products.Domain.csproj", "{331D205D-DE88-4FF0-9FD3-78AF0F199DDE}"
EndProject
Global
	GlobalSection(SolutionConfigurationPlatforms) = preSolution
		Debug|Any CPU = Debug|Any CPU
		Release|Any CPU = Release|Any CPU
	EndGlobalSection
	GlobalSection(ProjectConfigurationPlatforms) = postSolution
		{D89D278F-374D-4568-B5E5-08590F40129E}.Debug|Any CPU.ActiveCfg = Debug|Any CPU
		{D89D278F-374D-4568-B5E5-08590F40129E}.Debug|Any CPU.Build.0 = Debug|Any CPU
		{D89D278F-374D-4568-B5E5-08590F40129E}.Release|Any CPU.ActiveCfg = Release|Any CPU
		{D89D278F-374D-4568-B5E5-08590F40129E}.Release|Any CPU.Build.0 = Release|Any CPU
		{331D205D-DE88-4FF0-9FD3-78AF0F199DDE}.Debug|Any CPU.ActiveCfg = Debug|Any CPU
		{331D205D-DE88-4FF0-9FD3-78AF0F199DDE}.Debug|Any CPU.Build.0 = Debug|Any CPU
		{331D205D-DE88-4FF0-9FD3-78AF0F199DDE}.Release|Any CPU.ActiveCfg = Release|Any CPU
		{331D205D-DE88-4FF0-9FD3-78AF0F199DDE}.Release|Any CPU.Build.0 = Release|Any CPU
	EndGlobalSection
	GlobalSection(SolutionProperties) = preSolution
		HideSolutionNode = FALSE
	EndGlobalSection
	GlobalSection(ExtensibilityGlobals) = postSolution
		SolutionGuid = {6E6F5569-88CE-4EDC-8869-D46DBA021564}
	EndGlobalSection
EndGlobal
