
Microsoft Visual Studio Solution File, Format Version 12.00
# Visual Studio Version 16
VisualStudioVersion = 16.0.31410.357
MinimumVisualStudioVersion = 10.0.40219.1
Project("{FAE04EC0-301F-11D3-BF4B-00C04F79EFBC}") = "Product_CQRS", "Product_CQRS\Product_CQRS.csproj", "{4E940F60-DD6A-41BC-A2D0-DFDE9B729B02}"
EndProject
Global
	GlobalSection(SolutionConfigurationPlatforms) = preSolution
		Debug|Any CPU = Debug|Any CPU
		Release|Any CPU = Release|Any CPU
	EndGlobalSection
	GlobalSection(ProjectConfigurationPlatforms) = postSolution
		{4E940F60-DD6A-41BC-A2D0-DFDE9B729B02}.Debug|Any CPU.ActiveCfg = Debug|Any CPU
		{4E940F60-DD6A-41BC-A2D0-DFDE9B729B02}.Debug|Any CPU.Build.0 = Debug|Any CPU
		{4E940F60-DD6A-41BC-A2D0-DFDE9B729B02}.Release|Any CPU.ActiveCfg = Release|Any CPU
		{4E940F60-DD6A-41BC-A2D0-DFDE9B729B02}.Release|Any CPU.Build.0 = Release|Any CPU
	EndGlobalSection
	GlobalSection(SolutionProperties) = preSolution
		HideSolutionNode = FALSE
	EndGlobalSection
	GlobalSection(ExtensibilityGlobals) = postSolution
		SolutionGuid = {EF1ADF85-CF3F-4C11-86E7-B520E2387F2F}
	EndGlobalSection
EndGlobal
